
Microsoft Visual Studio Solution File, Format Version 12.00
# Visual Studio Version 16
VisualStudioVersion = 16.0.31402.337
MinimumVisualStudioVersion = 10.0.40219.1
Project("{FAE04EC0-301F-11D3-BF4B-00C04F79EFBC}") = "SampleProject1", "SampleProject1\SampleProject1.csproj", "{9E3C81E9-7501-4E7A-A020-5B59219BE743}"
EndProject
Global
	GlobalSection(SolutionConfigurationPlatforms) = preSolution
		Debug|Any CPU = Debug|Any CPU
		Release|Any CPU = Release|Any CPU
	EndGlobalSection
	GlobalSection(ProjectConfigurationPlatforms) = postSolution
		{9E3C81E9-7501-4E7A-A020-5B59219BE743}.Debug|Any CPU.ActiveCfg = Debug|Any CPU
		{9E3C81E9-7501-4E7A-A020-5B59219BE743}.Debug|Any CPU.Build.0 = Debug|Any CPU
		{9E3C81E9-7501-4E7A-A020-5B59219BE743}.Release|Any CPU.ActiveCfg = Release|Any CPU
		{9E3C81E9-7501-4E7A-A020-5B59219BE743}.Release|Any CPU.Build.0 = Release|Any CPU
	EndGlobalSection
	GlobalSection(SolutionProperties) = preSolution
		HideSolutionNode = FALSE
	EndGlobalSection
	GlobalSection(ExtensibilityGlobals) = postSolution
		SolutionGuid = {86ED426D-D206-4CF3-9F50-0206F888BB4A}
	EndGlobalSection
EndGlobal
