
Microsoft Visual Studio Solution File, Format Version 12.00
# Visual Studio Version 16
VisualStudioVersion = 16.0.31402.337
MinimumVisualStudioVersion = 10.0.40219.1
Project("{FAE04EC0-301F-11D3-BF4B-00C04F79EFBC}") = "HRLib", "HRLib\HRLib.csproj", "{229591CF-6B79-4181-9621-BA78ED0E3389}"
EndProject
Project("{FAE04EC0-301F-11D3-BF4B-00C04F79EFBC}") = "HRAPP", "HRAPP\HRAPP.csproj", "{B302F88C-8A2F-4282-AA2A-C2CE67C5F487}"
EndProject
Project("{2150E333-8FDC-42A3-9474-1A3956D46DE8}") = "Solution Items", "Solution Items", "{BBDFDC1C-E73C-4765-95F3-6B0DE4478128}"
	ProjectSection(SolutionItems) = preProject
		.editorconfig = .editorconfig
	EndProjectSection
EndProject
Global
	GlobalSection(SolutionConfigurationPlatforms) = preSolution
		Debug|Any CPU = Debug|Any CPU
		Release|Any CPU = Release|Any CPU
	EndGlobalSection
	GlobalSection(ProjectConfigurationPlatforms) = postSolution
		{229591CF-6B79-4181-9621-BA78ED0E3389}.Debug|Any CPU.ActiveCfg = Debug|Any CPU
		{229591CF-6B79-4181-9621-BA78ED0E3389}.Debug|Any CPU.Build.0 = Debug|Any CPU
		{229591CF-6B79-4181-9621-BA78ED0E3389}.Release|Any CPU.ActiveCfg = Release|Any CPU
		{229591CF-6B79-4181-9621-BA78ED0E3389}.Release|Any CPU.Build.0 = Release|Any CPU
		{B302F88C-8A2F-4282-AA2A-C2CE67C5F487}.Debug|Any CPU.ActiveCfg = Debug|Any CPU
		{B302F88C-8A2F-4282-AA2A-C2CE67C5F487}.Debug|Any CPU.Build.0 = Debug|Any CPU
		{B302F88C-8A2F-4282-AA2A-C2CE67C5F487}.Release|Any CPU.ActiveCfg = Release|Any CPU
		{B302F88C-8A2F-4282-AA2A-C2CE67C5F487}.Release|Any CPU.Build.0 = Release|Any CPU
	EndGlobalSection
	GlobalSection(SolutionProperties) = preSolution
		HideSolutionNode = FALSE
	EndGlobalSection
	GlobalSection(ExtensibilityGlobals) = postSolution
		SolutionGuid = {0F276846-9AEC-445F-8C5A-92BD48D039B1}
	EndGlobalSection
EndGlobal
