
Microsoft Visual Studio Solution File, Format Version 12.00
# Visual Studio Version 16
VisualStudioVersion = 16.0.31402.337
MinimumVisualStudioVersion = 10.0.40219.1
Project("{FAE04EC0-301F-11D3-BF4B-00C04F79EFBC}") = "WPFAssignment", "WPFAssignment\WPFAssignment.csproj", "{7821BAC6-376C-4170-B814-3FAD14147DF3}"
EndProject
Global
	GlobalSection(SolutionConfigurationPlatforms) = preSolution
		Debug|Any CPU = Debug|Any CPU
		Release|Any CPU = Release|Any CPU
	EndGlobalSection
	GlobalSection(ProjectConfigurationPlatforms) = postSolution
		{7821BAC6-376C-4170-B814-3FAD14147DF3}.Debug|Any CPU.ActiveCfg = Debug|Any CPU
		{7821BAC6-376C-4170-B814-3FAD14147DF3}.Debug|Any CPU.Build.0 = Debug|Any CPU
		{7821BAC6-376C-4170-B814-3FAD14147DF3}.Release|Any CPU.ActiveCfg = Release|Any CPU
		{7821BAC6-376C-4170-B814-3FAD14147DF3}.Release|Any CPU.Build.0 = Release|Any CPU
	EndGlobalSection
	GlobalSection(SolutionProperties) = preSolution
		HideSolutionNode = FALSE
	EndGlobalSection
	GlobalSection(ExtensibilityGlobals) = postSolution
		SolutionGuid = {BD263053-BE43-41AD-8FDE-B1F7FED19D49}
	EndGlobalSection
EndGlobal
